// !$*UTF8*$!
{
	archiveVersion = 1;
	classes = {
	};
	objectVersion = 56;
	objects = {

/* Begin PBXBuildFile section */
		1E0B3FDF12CE7DF3BC440B60 /* libPods-GoodNotes-TDL.a in Frameworks */ = {isa = PBXBuildFile; fileRef = D3438BC9251526674B0B9EDD /* libPods-GoodNotes-TDL.a */; };
		3F08147728FEF1A8002979E5 /* SceneDelegate.swift in Sources */ = {isa = PBXBuildFile; fileRef = 3F08147528FEF1A8002979E5 /* SceneDelegate.swift */; };
		3F08148128FEF305002979E5 /* AppCoordinator.swift in Sources */ = {isa = PBXBuildFile; fileRef = 3F08148028FEF305002979E5 /* AppCoordinator.swift */; };
		3F08148828FEF58D002979E5 /* LaunchScreen.storyboard in Resources */ = {isa = PBXBuildFile; fileRef = 3F08148728FEF58D002979E5 /* LaunchScreen.storyboard */; };
		3F08148E28FEFC52002979E5 /* ScreenModel.swift in Sources */ = {isa = PBXBuildFile; fileRef = 3F08148D28FEFC52002979E5 /* ScreenModel.swift */; };
		3F08149128FEFCD8002979E5 /* Constants.swift in Sources */ = {isa = PBXBuildFile; fileRef = 3F08149028FEFCD8002979E5 /* Constants.swift */; };
		3F08149328FEFD2D002979E5 /* OffsetScrollView.swift in Sources */ = {isa = PBXBuildFile; fileRef = 3F08149228FEFD2D002979E5 /* OffsetScrollView.swift */; };
		3F08149628FEFD71002979E5 /* Onboarding.swift in Sources */ = {isa = PBXBuildFile; fileRef = 3F08149528FEFD71002979E5 /* Onboarding.swift */; };
		3F08149928FEFDB2002979E5 /* OnboardingFlowCoordinator.swift in Sources */ = {isa = PBXBuildFile; fileRef = 3F08149828FEFDB2002979E5 /* OnboardingFlowCoordinator.swift */; };
		3F0814A328FEFEDC002979E5 /* Roboto-Medium.ttf in Resources */ = {isa = PBXBuildFile; fileRef = 3F08149B28FEFEDC002979E5 /* Roboto-Medium.ttf */; };
		3F0814A428FEFEDC002979E5 /* Roboto-Light.ttf in Resources */ = {isa = PBXBuildFile; fileRef = 3F08149C28FEFEDC002979E5 /* Roboto-Light.ttf */; };
		3F0814A528FEFEDC002979E5 /* Roboto-Regular.ttf in Resources */ = {isa = PBXBuildFile; fileRef = 3F08149D28FEFEDC002979E5 /* Roboto-Regular.ttf */; };
		3F0814A628FEFEDC002979E5 /* Roboto-ThinItalic.ttf in Resources */ = {isa = PBXBuildFile; fileRef = 3F08149E28FEFEDC002979E5 /* Roboto-ThinItalic.ttf */; };
		3F0814A728FEFEDC002979E5 /* Roboto-BoldItalic.ttf in Resources */ = {isa = PBXBuildFile; fileRef = 3F08149F28FEFEDC002979E5 /* Roboto-BoldItalic.ttf */; };
		3F0814A828FEFEDC002979E5 /* Roboto-Italic.ttf in Resources */ = {isa = PBXBuildFile; fileRef = 3F0814A028FEFEDC002979E5 /* Roboto-Italic.ttf */; };
		3F0814A928FEFEDC002979E5 /* Roboto-Bold.ttf in Resources */ = {isa = PBXBuildFile; fileRef = 3F0814A128FEFEDC002979E5 /* Roboto-Bold.ttf */; };
		3F0814AA28FEFEDC002979E5 /* Roboto-Thin.ttf in Resources */ = {isa = PBXBuildFile; fileRef = 3F0814A228FEFEDC002979E5 /* Roboto-Thin.ttf */; };
		3F0814C928FF03CE002979E5 /* RegistrationFlowCoordinator.swift in Sources */ = {isa = PBXBuildFile; fileRef = 3F0814C828FF03CE002979E5 /* RegistrationFlowCoordinator.swift */; };
		3F0814CB28FF0405002979E5 /* SignUpRequestModel.swift in Sources */ = {isa = PBXBuildFile; fileRef = 3F0814CA28FF0405002979E5 /* SignUpRequestModel.swift */; };
		3F0814CD28FF0413002979E5 /* SignUpResponseModel.swift in Sources */ = {isa = PBXBuildFile; fileRef = 3F0814CC28FF0413002979E5 /* SignUpResponseModel.swift */; };
		3F0814CF28FF044E002979E5 /* SignUp.swift in Sources */ = {isa = PBXBuildFile; fileRef = 3F0814CE28FF044E002979E5 /* SignUp.swift */; };
		3F0814D128FF0489002979E5 /* SignUpViewModel.swift in Sources */ = {isa = PBXBuildFile; fileRef = 3F0814D028FF0489002979E5 /* SignUpViewModel.swift */; };
		3F0814DA28FF06FB002979E5 /* ValidationUtil.swift in Sources */ = {isa = PBXBuildFile; fileRef = 3F0814D928FF06FB002979E5 /* ValidationUtil.swift */; };
		3F0814DD28FF073C002979E5 /* RestTemplate.swift in Sources */ = {isa = PBXBuildFile; fileRef = 3F0814DC28FF073C002979E5 /* RestTemplate.swift */; };
		3F0814DF28FF0751002979E5 /* EmptyModel.swift in Sources */ = {isa = PBXBuildFile; fileRef = 3F0814DE28FF0751002979E5 /* EmptyModel.swift */; };
		3F0814E128FF075A002979E5 /* ErrorModel.swift in Sources */ = {isa = PBXBuildFile; fileRef = 3F0814E028FF075A002979E5 /* ErrorModel.swift */; };
		3F0814E828FF0972002979E5 /* AuthTokenModel.swift in Sources */ = {isa = PBXBuildFile; fileRef = 3F0814E728FF0972002979E5 /* AuthTokenModel.swift */; };
		3F1D5DA12900096A00F407F5 /* R.generated.swift in Sources */ = {isa = PBXBuildFile; fileRef = 3F1D5DA02900096A00F407F5 /* R.generated.swift */; };
		3F54E69928FEC51A00CD9B10 /* AppDelegate.swift in Sources */ = {isa = PBXBuildFile; fileRef = 3F54E69828FEC51A00CD9B10 /* AppDelegate.swift */; };
		3F54E6A328FEC51A00CD9B10 /* GoodNotes_TDL.xcdatamodeld in Sources */ = {isa = PBXBuildFile; fileRef = 3F54E6A128FEC51A00CD9B10 /* GoodNotes_TDL.xcdatamodeld */; };
		3F54E6A528FEC51C00CD9B10 /* Assets.xcassets in Resources */ = {isa = PBXBuildFile; fileRef = 3F54E6A428FEC51C00CD9B10 /* Assets.xcassets */; };
		3F65A7482900053F005A5D56 /* LocalizationConstants.swift in Sources */ = {isa = PBXBuildFile; fileRef = 3F65A7472900053F005A5D56 /* LocalizationConstants.swift */; };
		3F65A74B290005CD005A5D56 /* Localizable.strings in Resources */ = {isa = PBXBuildFile; fileRef = 3F65A74D290005CD005A5D56 /* Localizable.strings */; };
/* End PBXBuildFile section */

/* Begin PBXFileReference section */
		2C04253E64489D489023A398 /* Pods-GoodNotes-TDL.debug.xcconfig */ = {isa = PBXFileReference; includeInIndex = 1; lastKnownFileType = text.xcconfig; name = "Pods-GoodNotes-TDL.debug.xcconfig"; path = "Target Support Files/Pods-GoodNotes-TDL/Pods-GoodNotes-TDL.debug.xcconfig"; sourceTree = "<group>"; };
		3F08147528FEF1A8002979E5 /* SceneDelegate.swift */ = {isa = PBXFileReference; fileEncoding = 4; lastKnownFileType = sourcecode.swift; path = SceneDelegate.swift; sourceTree = "<group>"; };
		3F08148028FEF305002979E5 /* AppCoordinator.swift */ = {isa = PBXFileReference; lastKnownFileType = sourcecode.swift; path = AppCoordinator.swift; sourceTree = "<group>"; };
		3F08148728FEF58D002979E5 /* LaunchScreen.storyboard */ = {isa = PBXFileReference; fileEncoding = 4; lastKnownFileType = file.storyboard; path = LaunchScreen.storyboard; sourceTree = "<group>"; };
		3F08148D28FEFC52002979E5 /* ScreenModel.swift */ = {isa = PBXFileReference; lastKnownFileType = sourcecode.swift; path = ScreenModel.swift; sourceTree = "<group>"; };
		3F08149028FEFCD8002979E5 /* Constants.swift */ = {isa = PBXFileReference; fileEncoding = 4; lastKnownFileType = sourcecode.swift; path = Constants.swift; sourceTree = "<group>"; };
		3F08149228FEFD2D002979E5 /* OffsetScrollView.swift */ = {isa = PBXFileReference; lastKnownFileType = sourcecode.swift; path = OffsetScrollView.swift; sourceTree = "<group>"; };
		3F08149528FEFD71002979E5 /* Onboarding.swift */ = {isa = PBXFileReference; lastKnownFileType = sourcecode.swift; path = Onboarding.swift; sourceTree = "<group>"; };
		3F08149828FEFDB2002979E5 /* OnboardingFlowCoordinator.swift */ = {isa = PBXFileReference; lastKnownFileType = sourcecode.swift; path = OnboardingFlowCoordinator.swift; sourceTree = "<group>"; };
		3F08149B28FEFEDC002979E5 /* Roboto-Medium.ttf */ = {isa = PBXFileReference; lastKnownFileType = file; path = "Roboto-Medium.ttf"; sourceTree = "<group>"; };
		3F08149C28FEFEDC002979E5 /* Roboto-Light.ttf */ = {isa = PBXFileReference; lastKnownFileType = file; path = "Roboto-Light.ttf"; sourceTree = "<group>"; };
		3F08149D28FEFEDC002979E5 /* Roboto-Regular.ttf */ = {isa = PBXFileReference; lastKnownFileType = file; path = "Roboto-Regular.ttf"; sourceTree = "<group>"; };
		3F08149E28FEFEDC002979E5 /* Roboto-ThinItalic.ttf */ = {isa = PBXFileReference; lastKnownFileType = file; path = "Roboto-ThinItalic.ttf"; sourceTree = "<group>"; };
		3F08149F28FEFEDC002979E5 /* Roboto-BoldItalic.ttf */ = {isa = PBXFileReference; lastKnownFileType = file; path = "Roboto-BoldItalic.ttf"; sourceTree = "<group>"; };
		3F0814A028FEFEDC002979E5 /* Roboto-Italic.ttf */ = {isa = PBXFileReference; lastKnownFileType = file; path = "Roboto-Italic.ttf"; sourceTree = "<group>"; };
		3F0814A128FEFEDC002979E5 /* Roboto-Bold.ttf */ = {isa = PBXFileReference; lastKnownFileType = file; path = "Roboto-Bold.ttf"; sourceTree = "<group>"; };
		3F0814A228FEFEDC002979E5 /* Roboto-Thin.ttf */ = {isa = PBXFileReference; lastKnownFileType = file; path = "Roboto-Thin.ttf"; sourceTree = "<group>"; };
		3F0814C828FF03CE002979E5 /* RegistrationFlowCoordinator.swift */ = {isa = PBXFileReference; lastKnownFileType = sourcecode.swift; path = RegistrationFlowCoordinator.swift; sourceTree = "<group>"; };
		3F0814CA28FF0405002979E5 /* SignUpRequestModel.swift */ = {isa = PBXFileReference; lastKnownFileType = sourcecode.swift; path = SignUpRequestModel.swift; sourceTree = "<group>"; };
		3F0814CC28FF0413002979E5 /* SignUpResponseModel.swift */ = {isa = PBXFileReference; lastKnownFileType = sourcecode.swift; path = SignUpResponseModel.swift; sourceTree = "<group>"; };
		3F0814CE28FF044E002979E5 /* SignUp.swift */ = {isa = PBXFileReference; lastKnownFileType = sourcecode.swift; path = SignUp.swift; sourceTree = "<group>"; };
		3F0814D028FF0489002979E5 /* SignUpViewModel.swift */ = {isa = PBXFileReference; lastKnownFileType = sourcecode.swift; path = SignUpViewModel.swift; sourceTree = "<group>"; };
		3F0814D928FF06FB002979E5 /* ValidationUtil.swift */ = {isa = PBXFileReference; lastKnownFileType = sourcecode.swift; path = ValidationUtil.swift; sourceTree = "<group>"; };
		3F0814DC28FF073C002979E5 /* RestTemplate.swift */ = {isa = PBXFileReference; lastKnownFileType = sourcecode.swift; path = RestTemplate.swift; sourceTree = "<group>"; };
		3F0814DE28FF0751002979E5 /* EmptyModel.swift */ = {isa = PBXFileReference; lastKnownFileType = sourcecode.swift; path = EmptyModel.swift; sourceTree = "<group>"; };
		3F0814E028FF075A002979E5 /* ErrorModel.swift */ = {isa = PBXFileReference; lastKnownFileType = sourcecode.swift; path = ErrorModel.swift; sourceTree = "<group>"; };
		3F0814E728FF0972002979E5 /* AuthTokenModel.swift */ = {isa = PBXFileReference; lastKnownFileType = sourcecode.swift; path = AuthTokenModel.swift; sourceTree = "<group>"; };
		3F1D5DA02900096A00F407F5 /* R.generated.swift */ = {isa = PBXFileReference; fileEncoding = 4; lastKnownFileType = sourcecode.swift; path = R.generated.swift; sourceTree = "<group>"; };
		3F54E69528FEC51A00CD9B10 /* GoodNotes-TDL.app */ = {isa = PBXFileReference; explicitFileType = wrapper.application; includeInIndex = 0; path = "GoodNotes-TDL.app"; sourceTree = BUILT_PRODUCTS_DIR; };
		3F54E69828FEC51A00CD9B10 /* AppDelegate.swift */ = {isa = PBXFileReference; lastKnownFileType = sourcecode.swift; path = AppDelegate.swift; sourceTree = "<group>"; };
		3F54E6A228FEC51A00CD9B10 /* GoodNotes_TDL.xcdatamodel */ = {isa = PBXFileReference; lastKnownFileType = wrapper.xcdatamodel; path = GoodNotes_TDL.xcdatamodel; sourceTree = "<group>"; };
		3F54E6A428FEC51C00CD9B10 /* Assets.xcassets */ = {isa = PBXFileReference; lastKnownFileType = folder.assetcatalog; path = Assets.xcassets; sourceTree = "<group>"; };
		3F54E6A928FEC51C00CD9B10 /* Info.plist */ = {isa = PBXFileReference; lastKnownFileType = text.plist.xml; path = Info.plist; sourceTree = "<group>"; };
		3F65A7472900053F005A5D56 /* LocalizationConstants.swift */ = {isa = PBXFileReference; lastKnownFileType = sourcecode.swift; path = LocalizationConstants.swift; sourceTree = "<group>"; };
		3F65A74C290005CD005A5D56 /* en */ = {isa = PBXFileReference; lastKnownFileType = text.plist.strings; name = en; path = en.lproj/Localizable.strings; sourceTree = "<group>"; };
		3F65A74E290005FF005A5D56 /* ru */ = {isa = PBXFileReference; lastKnownFileType = text.plist.strings; name = ru; path = ru.lproj/Localizable.strings; sourceTree = "<group>"; };
		C43D7D8D4FF80B5F429F4F55 /* Pods-GoodNotes-TDL.release.xcconfig */ = {isa = PBXFileReference; includeInIndex = 1; lastKnownFileType = text.xcconfig; name = "Pods-GoodNotes-TDL.release.xcconfig"; path = "Target Support Files/Pods-GoodNotes-TDL/Pods-GoodNotes-TDL.release.xcconfig"; sourceTree = "<group>"; };
		D3438BC9251526674B0B9EDD /* libPods-GoodNotes-TDL.a */ = {isa = PBXFileReference; explicitFileType = archive.ar; includeInIndex = 0; path = "libPods-GoodNotes-TDL.a"; sourceTree = BUILT_PRODUCTS_DIR; };
/* End PBXFileReference section */

/* Begin PBXFrameworksBuildPhase section */
		3F54E69228FEC51A00CD9B10 /* Frameworks */ = {
			isa = PBXFrameworksBuildPhase;
			buildActionMask = 2147483647;
			files = (
				1E0B3FDF12CE7DF3BC440B60 /* libPods-GoodNotes-TDL.a in Frameworks */,
			);
			runOnlyForDeploymentPostprocessing = 0;
		};
/* End PBXFrameworksBuildPhase section */

/* Begin PBXGroup section */
		3F08147228FEF167002979E5 /* CoreDataModel */ = {
			isa = PBXGroup;
			children = (
				3F54E6A128FEC51A00CD9B10 /* GoodNotes_TDL.xcdatamodeld */,
			);
			path = CoreDataModel;
			sourceTree = "<group>";
		};
		3F08147A28FEF224002979E5 /* AppCoordinator */ = {
			isa = PBXGroup;
			children = (
				3F08148028FEF305002979E5 /* AppCoordinator.swift */,
			);
			path = AppCoordinator;
			sourceTree = "<group>";
		};
		3F08147B28FEF247002979E5 /* AppLifecycle */ = {
			isa = PBXGroup;
			children = (
				3F54E69828FEC51A00CD9B10 /* AppDelegate.swift */,
				3F08147528FEF1A8002979E5 /* SceneDelegate.swift */,
			);
			path = AppLifecycle;
			sourceTree = "<group>";
		};
		3F08147C28FEF265002979E5 /* LaunchScreen */ = {
			isa = PBXGroup;
			children = (
				3F08148728FEF58D002979E5 /* LaunchScreen.storyboard */,
			);
			path = LaunchScreen;
			sourceTree = "<group>";
		};
		3F08147F28FEF2E0002979E5 /* Info */ = {
			isa = PBXGroup;
			children = (
				3F54E6A928FEC51C00CD9B10 /* Info.plist */,
			);
			path = Info;
			sourceTree = "<group>";
		};
		3F08148228FEF3AF002979E5 /* Assets */ = {
			isa = PBXGroup;
			children = (
				3F08149A28FEFEDC002979E5 /* ProjectFonts */,
				3F54E6A428FEC51C00CD9B10 /* Assets.xcassets */,
			);
			path = Assets;
			sourceTree = "<group>";
		};
		3F08148928FEFBF2002979E5 /* OnboardingFlow */ = {
			isa = PBXGroup;
			children = (
				3F08148C28FEFC2C002979E5 /* Model */,
				3F08148B28FEFC28002979E5 /* View */,
				3F08148A28FEFC23002979E5 /* ViewModel */,
				3F08149728FEFD97002979E5 /* Coordinator */,
			);
			path = OnboardingFlow;
			sourceTree = "<group>";
		};
		3F08148A28FEFC23002979E5 /* ViewModel */ = {
			isa = PBXGroup;
			children = (
			);
			path = ViewModel;
			sourceTree = "<group>";
		};
		3F08148B28FEFC28002979E5 /* View */ = {
			isa = PBXGroup;
			children = (
				3F08149228FEFD2D002979E5 /* OffsetScrollView.swift */,
				3F08149528FEFD71002979E5 /* Onboarding.swift */,
			);
			path = View;
			sourceTree = "<group>";
		};
		3F08148C28FEFC2C002979E5 /* Model */ = {
			isa = PBXGroup;
			children = (
				3F08148D28FEFC52002979E5 /* ScreenModel.swift */,
			);
			path = Model;
			sourceTree = "<group>";
		};
		3F08148F28FEFC77002979E5 /* Constants */ = {
			isa = PBXGroup;
			children = (
				3F08149028FEFCD8002979E5 /* Constants.swift */,
				3F65A7472900053F005A5D56 /* LocalizationConstants.swift */,
			);
			path = Constants;
			sourceTree = "<group>";
		};
		3F08149728FEFD97002979E5 /* Coordinator */ = {
			isa = PBXGroup;
			children = (
				3F08149828FEFDB2002979E5 /* OnboardingFlowCoordinator.swift */,
			);
			path = Coordinator;
			sourceTree = "<group>";
		};
		3F08149A28FEFEDC002979E5 /* ProjectFonts */ = {
			isa = PBXGroup;
			children = (
				3F08149B28FEFEDC002979E5 /* Roboto-Medium.ttf */,
				3F08149C28FEFEDC002979E5 /* Roboto-Light.ttf */,
				3F08149D28FEFEDC002979E5 /* Roboto-Regular.ttf */,
				3F08149E28FEFEDC002979E5 /* Roboto-ThinItalic.ttf */,
				3F08149F28FEFEDC002979E5 /* Roboto-BoldItalic.ttf */,
				3F0814A028FEFEDC002979E5 /* Roboto-Italic.ttf */,
				3F0814A128FEFEDC002979E5 /* Roboto-Bold.ttf */,
				3F0814A228FEFEDC002979E5 /* Roboto-Thin.ttf */,
			);
			path = ProjectFonts;
			sourceTree = "<group>";
		};
		3F0814AC28FF0042002979E5 /* Flows */ = {
			isa = PBXGroup;
			children = (
				3F08148928FEFBF2002979E5 /* OnboardingFlow */,
				3F0814AD28FF005A002979E5 /* RegistrationFlow */,
				3F0814AE28FF0065002979E5 /* WorkFlow */,
			);
			path = Flows;
			sourceTree = "<group>";
		};
		3F0814AD28FF005A002979E5 /* RegistrationFlow */ = {
			isa = PBXGroup;
			children = (
				3F0814C728FF03A6002979E5 /* Scenes */,
				3F0814E528FF0958002979E5 /* AuthModel */,
				3F0814C628FF0303002979E5 /* Coordinator */,
			);
			path = RegistrationFlow;
			sourceTree = "<group>";
		};
		3F0814AE28FF0065002979E5 /* WorkFlow */ = {
			isa = PBXGroup;
			children = (
			);
			path = WorkFlow;
			sourceTree = "<group>";
		};
		3F0814AF28FF01EA002979E5 /* SuccessfulReset */ = {
			isa = PBXGroup;
			children = (
				3F0814C228FF025C002979E5 /* Model */,
				3F0814C128FF0258002979E5 /* View */,
				3F0814C028FF024E002979E5 /* ViewModel */,
			);
			path = SuccessfulReset;
			sourceTree = "<group>";
		};
		3F0814B028FF01F6002979E5 /* ResetPassword */ = {
			isa = PBXGroup;
			children = (
				3F0814BF28FF024A002979E5 /* Model */,
				3F0814BE28FF0247002979E5 /* View */,
				3F0814BD28FF0242002979E5 /* ViewModel */,
			);
			path = ResetPassword;
			sourceTree = "<group>";
		};
		3F0814B128FF01FB002979E5 /* ForgotPassword */ = {
			isa = PBXGroup;
			children = (
				3F0814BC28FF023E002979E5 /* Model */,
				3F0814BB28FF023B002979E5 /* View */,
				3F0814BA28FF0236002979E5 /* ViewModel */,
			);
			path = ForgotPassword;
			sourceTree = "<group>";
		};
		3F0814B228FF0205002979E5 /* SignIn */ = {
			isa = PBXGroup;
			children = (
				3F0814B928FF022C002979E5 /* Model */,
				3F0814B828FF0229002979E5 /* View */,
				3F0814B728FF0224002979E5 /* ViewModel */,
			);
			path = SignIn;
			sourceTree = "<group>";
		};
		3F0814B328FF020A002979E5 /* SignUp */ = {
			isa = PBXGroup;
			children = (
				3F0814B628FF0220002979E5 /* Model */,
				3F0814B528FF021D002979E5 /* View */,
				3F0814B428FF0219002979E5 /* ViewModel */,
			);
			path = SignUp;
			sourceTree = "<group>";
		};
		3F0814B428FF0219002979E5 /* ViewModel */ = {
			isa = PBXGroup;
			children = (
				3F0814D028FF0489002979E5 /* SignUpViewModel.swift */,
			);
			path = ViewModel;
			sourceTree = "<group>";
		};
		3F0814B528FF021D002979E5 /* View */ = {
			isa = PBXGroup;
			children = (
				3F0814CE28FF044E002979E5 /* SignUp.swift */,
			);
			path = View;
			sourceTree = "<group>";
		};
		3F0814B628FF0220002979E5 /* Model */ = {
			isa = PBXGroup;
			children = (
				3F0814CA28FF0405002979E5 /* SignUpRequestModel.swift */,
				3F0814CC28FF0413002979E5 /* SignUpResponseModel.swift */,
			);
			path = Model;
			sourceTree = "<group>";
		};
		3F0814B728FF0224002979E5 /* ViewModel */ = {
			isa = PBXGroup;
			children = (
			);
			path = ViewModel;
			sourceTree = "<group>";
		};
		3F0814B828FF0229002979E5 /* View */ = {
			isa = PBXGroup;
			children = (
			);
			path = View;
			sourceTree = "<group>";
		};
		3F0814B928FF022C002979E5 /* Model */ = {
			isa = PBXGroup;
			children = (
			);
			path = Model;
			sourceTree = "<group>";
		};
		3F0814BA28FF0236002979E5 /* ViewModel */ = {
			isa = PBXGroup;
			children = (
			);
			path = ViewModel;
			sourceTree = "<group>";
		};
		3F0814BB28FF023B002979E5 /* View */ = {
			isa = PBXGroup;
			children = (
			);
			path = View;
			sourceTree = "<group>";
		};
		3F0814BC28FF023E002979E5 /* Model */ = {
			isa = PBXGroup;
			children = (
			);
			path = Model;
			sourceTree = "<group>";
		};
		3F0814BD28FF0242002979E5 /* ViewModel */ = {
			isa = PBXGroup;
			children = (
			);
			path = ViewModel;
			sourceTree = "<group>";
		};
		3F0814BE28FF0247002979E5 /* View */ = {
			isa = PBXGroup;
			children = (
			);
			path = View;
			sourceTree = "<group>";
		};
		3F0814BF28FF024A002979E5 /* Model */ = {
			isa = PBXGroup;
			children = (
			);
			path = Model;
			sourceTree = "<group>";
		};
		3F0814C028FF024E002979E5 /* ViewModel */ = {
			isa = PBXGroup;
			children = (
			);
			path = ViewModel;
			sourceTree = "<group>";
		};
		3F0814C128FF0258002979E5 /* View */ = {
			isa = PBXGroup;
			children = (
			);
			path = View;
			sourceTree = "<group>";
		};
		3F0814C228FF025C002979E5 /* Model */ = {
			isa = PBXGroup;
			children = (
			);
			path = Model;
			sourceTree = "<group>";
		};
		3F0814C628FF0303002979E5 /* Coordinator */ = {
			isa = PBXGroup;
			children = (
				3F0814C828FF03CE002979E5 /* RegistrationFlowCoordinator.swift */,
			);
			path = Coordinator;
			sourceTree = "<group>";
		};
		3F0814C728FF03A6002979E5 /* Scenes */ = {
			isa = PBXGroup;
			children = (
				3F0814B328FF020A002979E5 /* SignUp */,
				3F0814B228FF0205002979E5 /* SignIn */,
				3F0814B128FF01FB002979E5 /* ForgotPassword */,
				3F0814B028FF01F6002979E5 /* ResetPassword */,
				3F0814AF28FF01EA002979E5 /* SuccessfulReset */,
			);
			path = Scenes;
			sourceTree = "<group>";
		};
		3F0814D228FF052D002979E5 /* BusinessLogicLayer */ = {
			isa = PBXGroup;
			children = (
				3F0814D328FF0566002979E5 /* Network */,
			);
			path = BusinessLogicLayer;
			sourceTree = "<group>";
		};
		3F0814D328FF0566002979E5 /* Network */ = {
			isa = PBXGroup;
			children = (
				3F0814DB28FF0728002979E5 /* Model */,
				3F0814DC28FF073C002979E5 /* RestTemplate.swift */,
			);
			path = Network;
			sourceTree = "<group>";
		};
		3F0814D428FF0573002979E5 /* CoreData */ = {
			isa = PBXGroup;
			children = (
				3F08147228FEF167002979E5 /* CoreDataModel */,
			);
			path = CoreData;
			sourceTree = "<group>";
		};
		3F0814D528FF0582002979E5 /* ApplicationLayer */ = {
			isa = PBXGroup;
			children = (
				3F08147A28FEF224002979E5 /* AppCoordinator */,
				3F08147B28FEF247002979E5 /* AppLifecycle */,
				3F08147F28FEF2E0002979E5 /* Info */,
				3F08147C28FEF265002979E5 /* LaunchScreen */,
			);
			path = ApplicationLayer;
			sourceTree = "<group>";
		};
		3F0814D628FF0598002979E5 /* PresentationLayer */ = {
			isa = PBXGroup;
			children = (
				3F0814AC28FF0042002979E5 /* Flows */,
				3F0814D828FF06E4002979E5 /* Util */,
				3F08148228FEF3AF002979E5 /* Assets */,
				3F08148F28FEFC77002979E5 /* Constants */,
			);
			path = PresentationLayer;
			sourceTree = "<group>";
		};
		3F0814D728FF06A5002979E5 /* Localization */ = {
			isa = PBXGroup;
			children = (
				3F65A74D290005CD005A5D56 /* Localizable.strings */,
			);
			path = Localization;
			sourceTree = "<group>";
		};
		3F0814D828FF06E4002979E5 /* Util */ = {
			isa = PBXGroup;
			children = (
				3F0814D928FF06FB002979E5 /* ValidationUtil.swift */,
			);
			path = Util;
			sourceTree = "<group>";
		};
		3F0814DB28FF0728002979E5 /* Model */ = {
			isa = PBXGroup;
			children = (
				3F0814DE28FF0751002979E5 /* EmptyModel.swift */,
				3F0814E028FF075A002979E5 /* ErrorModel.swift */,
			);
			path = Model;
			sourceTree = "<group>";
		};
		3F0814E528FF0958002979E5 /* AuthModel */ = {
			isa = PBXGroup;
			children = (
				3F0814E628FF0960002979E5 /* AuthTokenModel */,
			);
			path = AuthModel;
			sourceTree = "<group>";
		};
		3F0814E628FF0960002979E5 /* AuthTokenModel */ = {
			isa = PBXGroup;
			children = (
				3F0814E728FF0972002979E5 /* AuthTokenModel.swift */,
			);
			path = AuthTokenModel;
			sourceTree = "<group>";
		};
		3F0814E928FF3161002979E5 /* DataAccessLayer */ = {
			isa = PBXGroup;
			children = (
				3F0814D428FF0573002979E5 /* CoreData */,
			);
			path = DataAccessLayer;
			sourceTree = "<group>";
		};
		3F1D5DA229000A8800F407F5 /* RSwift */ = {
			isa = PBXGroup;
			children = (
				3F1D5DA02900096A00F407F5 /* R.generated.swift */,
			);
			path = RSwift;
			sourceTree = "<group>";
		};
		3F54E68C28FEC51A00CD9B10 = {
			isa = PBXGroup;
			children = (
				3F0814D528FF0582002979E5 /* ApplicationLayer */,
				3F0814D228FF052D002979E5 /* BusinessLogicLayer */,
				3F0814E928FF3161002979E5 /* DataAccessLayer */,
				3F0814D628FF0598002979E5 /* PresentationLayer */,
				3F0814D728FF06A5002979E5 /* Localization */,
				3F1D5DA229000A8800F407F5 /* RSwift */,
				3F54E69628FEC51A00CD9B10 /* Products */,
				68F44D5CD884E00F4B5E87BE /* Pods */,
				ADD3C68BF8F99F30B06D9F91 /* Frameworks */,
			);
			sourceTree = "<group>";
		};
		3F54E69628FEC51A00CD9B10 /* Products */ = {
			isa = PBXGroup;
			children = (
				3F54E69528FEC51A00CD9B10 /* GoodNotes-TDL.app */,
			);
			name = Products;
			sourceTree = "<group>";
		};
		68F44D5CD884E00F4B5E87BE /* Pods */ = {
			isa = PBXGroup;
			children = (
				2C04253E64489D489023A398 /* Pods-GoodNotes-TDL.debug.xcconfig */,
				C43D7D8D4FF80B5F429F4F55 /* Pods-GoodNotes-TDL.release.xcconfig */,
			);
			path = Pods;
			sourceTree = "<group>";
		};
		ADD3C68BF8F99F30B06D9F91 /* Frameworks */ = {
			isa = PBXGroup;
			children = (
				D3438BC9251526674B0B9EDD /* libPods-GoodNotes-TDL.a */,
			);
			name = Frameworks;
			sourceTree = "<group>";
		};
/* End PBXGroup section */

/* Begin PBXNativeTarget section */
		3F54E69428FEC51A00CD9B10 /* GoodNotes-TDL */ = {
			isa = PBXNativeTarget;
			buildConfigurationList = 3F54E6AC28FEC51C00CD9B10 /* Build configuration list for PBXNativeTarget "GoodNotes-TDL" */;
			buildPhases = (
				16CC567E9DB80EB2F4C82A8F /* [CP] Check Pods Manifest.lock */,
				3F1D5D9D2900083A00F407F5 /* ShellScript */,
				3F54E69128FEC51A00CD9B10 /* Sources */,
				3F54E69228FEC51A00CD9B10 /* Frameworks */,
				3F54E69328FEC51A00CD9B10 /* Resources */,
			);
			buildRules = (
			);
			dependencies = (
			);
			name = "GoodNotes-TDL";
			productName = "GoodNotes-TDL";
			productReference = 3F54E69528FEC51A00CD9B10 /* GoodNotes-TDL.app */;
			productType = "com.apple.product-type.application";
		};
/* End PBXNativeTarget section */

/* Begin PBXProject section */
		3F54E68D28FEC51A00CD9B10 /* Project object */ = {
			isa = PBXProject;
			attributes = {
				BuildIndependentTargetsInParallel = 1;
				LastSwiftUpdateCheck = 1400;
				LastUpgradeCheck = 1400;
				TargetAttributes = {
					3F54E69428FEC51A00CD9B10 = {
						CreatedOnToolsVersion = 14.0.1;
					};
				};
			};
			buildConfigurationList = 3F54E69028FEC51A00CD9B10 /* Build configuration list for PBXProject "GoodNotes-TDL" */;
			compatibilityVersion = "Xcode 14.0";
			developmentRegion = en;
			hasScannedForEncodings = 0;
			knownRegions = (
				en,
				Base,
				ru,
			);
			mainGroup = 3F54E68C28FEC51A00CD9B10;
			productRefGroup = 3F54E69628FEC51A00CD9B10 /* Products */;
			projectDirPath = "";
			projectRoot = "";
			targets = (
				3F54E69428FEC51A00CD9B10 /* GoodNotes-TDL */,
			);
		};
/* End PBXProject section */

/* Begin PBXResourcesBuildPhase section */
		3F54E69328FEC51A00CD9B10 /* Resources */ = {
			isa = PBXResourcesBuildPhase;
			buildActionMask = 2147483647;
			files = (
				3F0814A628FEFEDC002979E5 /* Roboto-ThinItalic.ttf in Resources */,
				3F54E6A528FEC51C00CD9B10 /* Assets.xcassets in Resources */,
				3F65A74B290005CD005A5D56 /* Localizable.strings in Resources */,
				3F08148828FEF58D002979E5 /* LaunchScreen.storyboard in Resources */,
				3F0814A528FEFEDC002979E5 /* Roboto-Regular.ttf in Resources */,
				3F0814A428FEFEDC002979E5 /* Roboto-Light.ttf in Resources */,
				3F0814A928FEFEDC002979E5 /* Roboto-Bold.ttf in Resources */,
				3F0814A828FEFEDC002979E5 /* Roboto-Italic.ttf in Resources */,
				3F0814A728FEFEDC002979E5 /* Roboto-BoldItalic.ttf in Resources */,
				3F0814AA28FEFEDC002979E5 /* Roboto-Thin.ttf in Resources */,
				3F0814A328FEFEDC002979E5 /* Roboto-Medium.ttf in Resources */,
			);
			runOnlyForDeploymentPostprocessing = 0;
		};
/* End PBXResourcesBuildPhase section */

/* Begin PBXShellScriptBuildPhase section */
		16CC567E9DB80EB2F4C82A8F /* [CP] Check Pods Manifest.lock */ = {
			isa = PBXShellScriptBuildPhase;
			buildActionMask = 2147483647;
			files = (
			);
			inputFileListPaths = (
			);
			inputPaths = (
				"${PODS_PODFILE_DIR_PATH}/Podfile.lock",
				"${PODS_ROOT}/Manifest.lock",
			);
			name = "[CP] Check Pods Manifest.lock";
			outputFileListPaths = (
			);
			outputPaths = (
				"$(DERIVED_FILE_DIR)/Pods-GoodNotes-TDL-checkManifestLockResult.txt",
			);
			runOnlyForDeploymentPostprocessing = 0;
			shellPath = /bin/sh;
			shellScript = "diff \"${PODS_PODFILE_DIR_PATH}/Podfile.lock\" \"${PODS_ROOT}/Manifest.lock\" > /dev/null\nif [ $? != 0 ] ; then\n    # print error to STDERR\n    echo \"error: The sandbox is not in sync with the Podfile.lock. Run 'pod install' or update your CocoaPods installation.\" >&2\n    exit 1\nfi\n# This output is used by Xcode 'outputs' to avoid re-running this script phase.\necho \"SUCCESS\" > \"${SCRIPT_OUTPUT_FILE_0}\"\n";
			showEnvVarsInLog = 0;
		};
		3F1D5D9D2900083A00F407F5 /* ShellScript */ = {
			isa = PBXShellScriptBuildPhase;
			alwaysOutOfDate = 1;
			buildActionMask = 2147483647;
			files = (
			);
			inputFileListPaths = (
			);
			inputPaths = (
			);
			outputFileListPaths = (
			);
			outputPaths = (
				$SRCROOT/R.generated.swift,
			);
			runOnlyForDeploymentPostprocessing = 0;
			shellPath = /bin/sh;
			shellScript = "\"$PODS_ROOT/R.swift/rswift\" generate \"$SRCROOT/R.generated.swift\"\n";
		};
/* End PBXShellScriptBuildPhase section */

/* Begin PBXSourcesBuildPhase section */
		3F54E69128FEC51A00CD9B10 /* Sources */ = {
			isa = PBXSourcesBuildPhase;
			buildActionMask = 2147483647;
			files = (
				3F08149328FEFD2D002979E5 /* OffsetScrollView.swift in Sources */,
				3F08148128FEF305002979E5 /* AppCoordinator.swift in Sources */,
				3F0814DF28FF0751002979E5 /* EmptyModel.swift in Sources */,
				3F0814E828FF0972002979E5 /* AuthTokenModel.swift in Sources */,
				3F08148E28FEFC52002979E5 /* ScreenModel.swift in Sources */,
				3F54E69928FEC51A00CD9B10 /* AppDelegate.swift in Sources */,
				3F54E6A328FEC51A00CD9B10 /* GoodNotes_TDL.xcdatamodeld in Sources */,
				3F0814E128FF075A002979E5 /* ErrorModel.swift in Sources */,
				3F1D5DA12900096A00F407F5 /* R.generated.swift in Sources */,
				3F0814CB28FF0405002979E5 /* SignUpRequestModel.swift in Sources */,
				3F0814D128FF0489002979E5 /* SignUpViewModel.swift in Sources */,
				3F0814DD28FF073C002979E5 /* RestTemplate.swift in Sources */,
				3F0814DA28FF06FB002979E5 /* ValidationUtil.swift in Sources */,
				3F65A7482900053F005A5D56 /* LocalizationConstants.swift in Sources */,
				3F0814CD28FF0413002979E5 /* SignUpResponseModel.swift in Sources */,
				3F08147728FEF1A8002979E5 /* SceneDelegate.swift in Sources */,
				3F08149628FEFD71002979E5 /* Onboarding.swift in Sources */,
				3F08149928FEFDB2002979E5 /* OnboardingFlowCoordinator.swift in Sources */,
				3F08149128FEFCD8002979E5 /* Constants.swift in Sources */,
				3F0814CF28FF044E002979E5 /* SignUp.swift in Sources */,
				3F0814C928FF03CE002979E5 /* RegistrationFlowCoordinator.swift in Sources */,
			);
			runOnlyForDeploymentPostprocessing = 0;
		};
/* End PBXSourcesBuildPhase section */

/* Begin PBXVariantGroup section */
		3F65A74D290005CD005A5D56 /* Localizable.strings */ = {
			isa = PBXVariantGroup;
			children = (
				3F65A74C290005CD005A5D56 /* en */,
				3F65A74E290005FF005A5D56 /* ru */,
			);
			name = Localizable.strings;
			sourceTree = "<group>";
		};
/* End PBXVariantGroup section */

/* Begin XCBuildConfiguration section */
		3F54E6AA28FEC51C00CD9B10 /* Debug */ = {
			isa = XCBuildConfiguration;
			buildSettings = {
				ALWAYS_SEARCH_USER_PATHS = NO;
				CLANG_ANALYZER_LOCALIZABILITY_NONLOCALIZED = YES;
				CLANG_ANALYZER_NONNULL = YES;
				CLANG_ANALYZER_NUMBER_OBJECT_CONVERSION = YES_AGGRESSIVE;
				CLANG_CXX_LANGUAGE_STANDARD = "gnu++20";
				CLANG_ENABLE_MODULES = YES;
				CLANG_ENABLE_OBJC_ARC = YES;
				CLANG_ENABLE_OBJC_WEAK = YES;
				CLANG_WARN_BLOCK_CAPTURE_AUTORELEASING = YES;
				CLANG_WARN_BOOL_CONVERSION = YES;
				CLANG_WARN_COMMA = YES;
				CLANG_WARN_CONSTANT_CONVERSION = YES;
				CLANG_WARN_DEPRECATED_OBJC_IMPLEMENTATIONS = YES;
				CLANG_WARN_DIRECT_OBJC_ISA_USAGE = YES_ERROR;
				CLANG_WARN_DOCUMENTATION_COMMENTS = YES;
				CLANG_WARN_EMPTY_BODY = YES;
				CLANG_WARN_ENUM_CONVERSION = YES;
				CLANG_WARN_INFINITE_RECURSION = YES;
				CLANG_WARN_INT_CONVERSION = YES;
				CLANG_WARN_NON_LITERAL_NULL_CONVERSION = YES;
				CLANG_WARN_OBJC_IMPLICIT_RETAIN_SELF = YES;
				CLANG_WARN_OBJC_LITERAL_CONVERSION = YES;
				CLANG_WARN_OBJC_ROOT_CLASS = YES_ERROR;
				CLANG_WARN_QUOTED_INCLUDE_IN_FRAMEWORK_HEADER = YES;
				CLANG_WARN_RANGE_LOOP_ANALYSIS = YES;
				CLANG_WARN_STRICT_PROTOTYPES = YES;
				CLANG_WARN_SUSPICIOUS_MOVE = YES;
				CLANG_WARN_UNGUARDED_AVAILABILITY = YES_AGGRESSIVE;
				CLANG_WARN_UNREACHABLE_CODE = YES;
				CLANG_WARN__DUPLICATE_METHOD_MATCH = YES;
				COPY_PHASE_STRIP = NO;
				DEBUG_INFORMATION_FORMAT = dwarf;
				ENABLE_STRICT_OBJC_MSGSEND = YES;
				ENABLE_TESTABILITY = YES;
				GCC_C_LANGUAGE_STANDARD = gnu11;
				GCC_DYNAMIC_NO_PIC = NO;
				GCC_NO_COMMON_BLOCKS = YES;
				GCC_OPTIMIZATION_LEVEL = 0;
				GCC_PREPROCESSOR_DEFINITIONS = (
					"DEBUG=1",
					"$(inherited)",
				);
				GCC_WARN_64_TO_32_BIT_CONVERSION = YES;
				GCC_WARN_ABOUT_RETURN_TYPE = YES_ERROR;
				GCC_WARN_UNDECLARED_SELECTOR = YES;
				GCC_WARN_UNINITIALIZED_AUTOS = YES_AGGRESSIVE;
				GCC_WARN_UNUSED_FUNCTION = YES;
				GCC_WARN_UNUSED_VARIABLE = YES;
				IPHONEOS_DEPLOYMENT_TARGET = 16.0;
				MTL_ENABLE_DEBUG_INFO = INCLUDE_SOURCE;
				MTL_FAST_MATH = YES;
				ONLY_ACTIVE_ARCH = YES;
				SDKROOT = iphoneos;
				SWIFT_ACTIVE_COMPILATION_CONDITIONS = DEBUG;
				SWIFT_OPTIMIZATION_LEVEL = "-Onone";
			};
			name = Debug;
		};
		3F54E6AB28FEC51C00CD9B10 /* Release */ = {
			isa = XCBuildConfiguration;
			buildSettings = {
				ALWAYS_SEARCH_USER_PATHS = NO;
				CLANG_ANALYZER_LOCALIZABILITY_NONLOCALIZED = YES;
				CLANG_ANALYZER_NONNULL = YES;
				CLANG_ANALYZER_NUMBER_OBJECT_CONVERSION = YES_AGGRESSIVE;
				CLANG_CXX_LANGUAGE_STANDARD = "gnu++20";
				CLANG_ENABLE_MODULES = YES;
				CLANG_ENABLE_OBJC_ARC = YES;
				CLANG_ENABLE_OBJC_WEAK = YES;
				CLANG_WARN_BLOCK_CAPTURE_AUTORELEASING = YES;
				CLANG_WARN_BOOL_CONVERSION = YES;
				CLANG_WARN_COMMA = YES;
				CLANG_WARN_CONSTANT_CONVERSION = YES;
				CLANG_WARN_DEPRECATED_OBJC_IMPLEMENTATIONS = YES;
				CLANG_WARN_DIRECT_OBJC_ISA_USAGE = YES_ERROR;
				CLANG_WARN_DOCUMENTATION_COMMENTS = YES;
				CLANG_WARN_EMPTY_BODY = YES;
				CLANG_WARN_ENUM_CONVERSION = YES;
				CLANG_WARN_INFINITE_RECURSION = YES;
				CLANG_WARN_INT_CONVERSION = YES;
				CLANG_WARN_NON_LITERAL_NULL_CONVERSION = YES;
				CLANG_WARN_OBJC_IMPLICIT_RETAIN_SELF = YES;
				CLANG_WARN_OBJC_LITERAL_CONVERSION = YES;
				CLANG_WARN_OBJC_ROOT_CLASS = YES_ERROR;
				CLANG_WARN_QUOTED_INCLUDE_IN_FRAMEWORK_HEADER = YES;
				CLANG_WARN_RANGE_LOOP_ANALYSIS = YES;
				CLANG_WARN_STRICT_PROTOTYPES = YES;
				CLANG_WARN_SUSPICIOUS_MOVE = YES;
				CLANG_WARN_UNGUARDED_AVAILABILITY = YES_AGGRESSIVE;
				CLANG_WARN_UNREACHABLE_CODE = YES;
				CLANG_WARN__DUPLICATE_METHOD_MATCH = YES;
				COPY_PHASE_STRIP = NO;
				DEBUG_INFORMATION_FORMAT = "dwarf-with-dsym";
				ENABLE_NS_ASSERTIONS = NO;
				ENABLE_STRICT_OBJC_MSGSEND = YES;
				GCC_C_LANGUAGE_STANDARD = gnu11;
				GCC_NO_COMMON_BLOCKS = YES;
				GCC_WARN_64_TO_32_BIT_CONVERSION = YES;
				GCC_WARN_ABOUT_RETURN_TYPE = YES_ERROR;
				GCC_WARN_UNDECLARED_SELECTOR = YES;
				GCC_WARN_UNINITIALIZED_AUTOS = YES_AGGRESSIVE;
				GCC_WARN_UNUSED_FUNCTION = YES;
				GCC_WARN_UNUSED_VARIABLE = YES;
				IPHONEOS_DEPLOYMENT_TARGET = 16.0;
				MTL_ENABLE_DEBUG_INFO = NO;
				MTL_FAST_MATH = YES;
				SDKROOT = iphoneos;
				SWIFT_COMPILATION_MODE = wholemodule;
				SWIFT_OPTIMIZATION_LEVEL = "-O";
				VALIDATE_PRODUCT = YES;
			};
			name = Release;
		};
		3F54E6AD28FEC51C00CD9B10 /* Debug */ = {
			isa = XCBuildConfiguration;
			baseConfigurationReference = 2C04253E64489D489023A398 /* Pods-GoodNotes-TDL.debug.xcconfig */;
			buildSettings = {
				ASSETCATALOG_COMPILER_APPICON_NAME = AppIcon;
				ASSETCATALOG_COMPILER_GLOBAL_ACCENT_COLOR_NAME = AccentColor;
				CODE_SIGN_STYLE = Automatic;
				CURRENT_PROJECT_VERSION = 1;
				DEVELOPMENT_TEAM = 3ZD26S5Y8Y;
				GENERATE_INFOPLIST_FILE = YES;
				INFOPLIST_FILE = ApplicationLayer/Info/Info.plist;
				INFOPLIST_KEY_UIApplicationSupportsIndirectInputEvents = YES;
				INFOPLIST_KEY_UILaunchStoryboardName = LaunchScreen.storyboard;
				INFOPLIST_KEY_UIStatusBarStyle = "";
				INFOPLIST_KEY_UISupportedInterfaceOrientations = UIInterfaceOrientationPortrait;
				IPHONEOS_DEPLOYMENT_TARGET = 14.0;
				LD_RUNPATH_SEARCH_PATHS = (
					"$(inherited)",
					"@executable_path/Frameworks",
				);
				MARKETING_VERSION = 1.0;
				PRODUCT_BUNDLE_IDENTIFIER = "com.nyit.GoodNotes-TDL";
				PRODUCT_NAME = "$(TARGET_NAME)";
				SUPPORTED_PLATFORMS = "iphoneos iphonesimulator";
				SUPPORTS_MACCATALYST = NO;
				SUPPORTS_MAC_DESIGNED_FOR_IPHONE_IPAD = NO;
				SWIFT_EMIT_LOC_STRINGS = YES;
				SWIFT_VERSION = 5.0;
				TARGETED_DEVICE_FAMILY = 1;
			};
			name = Debug;
		};
		3F54E6AE28FEC51C00CD9B10 /* Release */ = {
			isa = XCBuildConfiguration;
			baseConfigurationReference = C43D7D8D4FF80B5F429F4F55 /* Pods-GoodNotes-TDL.release.xcconfig */;
			buildSettings = {
				ASSETCATALOG_COMPILER_APPICON_NAME = AppIcon;
				ASSETCATALOG_COMPILER_GLOBAL_ACCENT_COLOR_NAME = AccentColor;
				CODE_SIGN_STYLE = Automatic;
				CURRENT_PROJECT_VERSION = 1;
				DEVELOPMENT_TEAM = 3ZD26S5Y8Y;
				GENERATE_INFOPLIST_FILE = YES;
				INFOPLIST_FILE = ApplicationLayer/Info/Info.plist;
				INFOPLIST_KEY_UIApplicationSupportsIndirectInputEvents = YES;
				INFOPLIST_KEY_UILaunchStoryboardName = LaunchScreen.storyboard;
				INFOPLIST_KEY_UIStatusBarStyle = "";
				INFOPLIST_KEY_UISupportedInterfaceOrientations = UIInterfaceOrientationPortrait;
				IPHONEOS_DEPLOYMENT_TARGET = 14.0;
				LD_RUNPATH_SEARCH_PATHS = (
					"$(inherited)",
					"@executable_path/Frameworks",
				);
				MARKETING_VERSION = 1.0;
				PRODUCT_BUNDLE_IDENTIFIER = "com.nyit.GoodNotes-TDL";
				PRODUCT_NAME = "$(TARGET_NAME)";
				SUPPORTED_PLATFORMS = "iphoneos iphonesimulator";
				SUPPORTS_MACCATALYST = NO;
				SUPPORTS_MAC_DESIGNED_FOR_IPHONE_IPAD = NO;
				SWIFT_EMIT_LOC_STRINGS = YES;
				SWIFT_VERSION = 5.0;
				TARGETED_DEVICE_FAMILY = 1;
			};
			name = Release;
		};
/* End XCBuildConfiguration section */

/* Begin XCConfigurationList section */
		3F54E69028FEC51A00CD9B10 /* Build configuration list for PBXProject "GoodNotes-TDL" */ = {
			isa = XCConfigurationList;
			buildConfigurations = (
				3F54E6AA28FEC51C00CD9B10 /* Debug */,
				3F54E6AB28FEC51C00CD9B10 /* Release */,
			);
			defaultConfigurationIsVisible = 0;
			defaultConfigurationName = Release;
		};
		3F54E6AC28FEC51C00CD9B10 /* Build configuration list for PBXNativeTarget "GoodNotes-TDL" */ = {
			isa = XCConfigurationList;
			buildConfigurations = (
				3F54E6AD28FEC51C00CD9B10 /* Debug */,
				3F54E6AE28FEC51C00CD9B10 /* Release */,
			);
			defaultConfigurationIsVisible = 0;
			defaultConfigurationName = Release;
		};
/* End XCConfigurationList section */

/* Begin XCVersionGroup section */
		3F54E6A128FEC51A00CD9B10 /* GoodNotes_TDL.xcdatamodeld */ = {
			isa = XCVersionGroup;
			children = (
				3F54E6A228FEC51A00CD9B10 /* GoodNotes_TDL.xcdatamodel */,
			);
			currentVersion = 3F54E6A228FEC51A00CD9B10 /* GoodNotes_TDL.xcdatamodel */;
			path = GoodNotes_TDL.xcdatamodeld;
			sourceTree = "<group>";
			versionGroupType = wrapper.xcdatamodel;
		};
/* End XCVersionGroup section */
	};
	rootObject = 3F54E68D28FEC51A00CD9B10 /* Project object */;
}
